
Microsoft Visual Studio Solution File, Format Version 12.00
# Visual Studio Version 17
VisualStudioVersion = 17.4.33403.182
MinimumVisualStudioVersion = 10.0.40219.1
Project("{9A19103F-16F7-4668-BE54-9A1E7A4F7556}") = "CommandLineParser", "CommandLineParser\CommandLineParser.csproj", "{54172875-0AAF-4E11-8603-FBABCA95C0B1}"
EndProject
Project("{FAE04EC0-301F-11D3-BF4B-00C04F79EFBC}") = "ExampleProgram", "ExampleProgram\ExampleProgram.csproj", "{6345A100-1C30-41ED-9DC7-F7312176D04B}"
EndProject
Project("{FAE04EC0-301F-11D3-BF4B-00C04F79EFBC}") = "ParserTests", "ParserTests\ParserTests.csproj", "{8268BDA7-7EAF-440B-95BC-3854D531AE20}"
EndProject
Global
	GlobalSection(SolutionConfigurationPlatforms) = preSolution
		Debug|Any CPU = Debug|Any CPU
		Debug|x64 = Debug|x64
		Debug|x86 = Debug|x86
		Release|Any CPU = Release|Any CPU
		Release|x64 = Release|x64
		Release|x86 = Release|x86
	EndGlobalSection
	GlobalSection(ProjectConfigurationPlatforms) = postSolution
		{54172875-0AAF-4E11-8603-FBABCA95C0B1}.Debug|Any CPU.ActiveCfg = Debug|Any CPU
		{54172875-0AAF-4E11-8603-FBABCA95C0B1}.Debug|Any CPU.Build.0 = Debug|Any CPU
		{54172875-0AAF-4E11-8603-FBABCA95C0B1}.Debug|x64.ActiveCfg = Debug|Any CPU
		{54172875-0AAF-4E11-8603-FBABCA95C0B1}.Debug|x64.Build.0 = Debug|Any CPU
		{54172875-0AAF-4E11-8603-FBABCA95C0B1}.Debug|x86.ActiveCfg = Debug|Any CPU
		{54172875-0AAF-4E11-8603-FBABCA95C0B1}.Debug|x86.Build.0 = Debug|Any CPU
		{54172875-0AAF-4E11-8603-FBABCA95C0B1}.Release|Any CPU.ActiveCfg = Release|Any CPU
		{54172875-0AAF-4E11-8603-FBABCA95C0B1}.Release|Any CPU.Build.0 = Release|Any CPU
		{54172875-0AAF-4E11-8603-FBABCA95C0B1}.Release|x64.ActiveCfg = Release|Any CPU
		{54172875-0AAF-4E11-8603-FBABCA95C0B1}.Release|x64.Build.0 = Release|Any CPU
		{54172875-0AAF-4E11-8603-FBABCA95C0B1}.Release|x86.ActiveCfg = Release|Any CPU
		{54172875-0AAF-4E11-8603-FBABCA95C0B1}.Release|x86.Build.0 = Release|Any CPU
		{6345A100-1C30-41ED-9DC7-F7312176D04B}.Debug|Any CPU.ActiveCfg = Debug|Any CPU
		{6345A100-1C30-41ED-9DC7-F7312176D04B}.Debug|Any CPU.Build.0 = Debug|Any CPU
		{6345A100-1C30-41ED-9DC7-F7312176D04B}.Debug|x64.ActiveCfg = Debug|Any CPU
		{6345A100-1C30-41ED-9DC7-F7312176D04B}.Debug|x64.Build.0 = Debug|Any CPU
		{6345A100-1C30-41ED-9DC7-F7312176D04B}.Debug|x86.ActiveCfg = Debug|Any CPU
		{6345A100-1C30-41ED-9DC7-F7312176D04B}.Debug|x86.Build.0 = Debug|Any CPU
		{6345A100-1C30-41ED-9DC7-F7312176D04B}.Release|Any CPU.ActiveCfg = Release|Any CPU
		{6345A100-1C30-41ED-9DC7-F7312176D04B}.Release|Any CPU.Build.0 = Release|Any CPU
		{6345A100-1C30-41ED-9DC7-F7312176D04B}.Release|x64.ActiveCfg = Release|Any CPU
		{6345A100-1C30-41ED-9DC7-F7312176D04B}.Release|x64.Build.0 = Release|Any CPU
		{6345A100-1C30-41ED-9DC7-F7312176D04B}.Release|x86.ActiveCfg = Release|Any CPU
		{6345A100-1C30-41ED-9DC7-F7312176D04B}.Release|x86.Build.0 = Release|Any CPU
		{8268BDA7-7EAF-440B-95BC-3854D531AE20}.Debug|Any CPU.ActiveCfg = Debug|Any CPU
		{8268BDA7-7EAF-440B-95BC-3854D531AE20}.Debug|Any CPU.Build.0 = Debug|Any CPU
		{8268BDA7-7EAF-440B-95BC-3854D531AE20}.Debug|x64.ActiveCfg = Debug|Any CPU
		{8268BDA7-7EAF-440B-95BC-3854D531AE20}.Debug|x64.Build.0 = Debug|Any CPU
		{8268BDA7-7EAF-440B-95BC-3854D531AE20}.Debug|x86.ActiveCfg = Debug|Any CPU
		{8268BDA7-7EAF-440B-95BC-3854D531AE20}.Debug|x86.Build.0 = Debug|Any CPU
		{8268BDA7-7EAF-440B-95BC-3854D531AE20}.Release|Any CPU.ActiveCfg = Release|Any CPU
		{8268BDA7-7EAF-440B-95BC-3854D531AE20}.Release|Any CPU.Build.0 = Release|Any CPU
		{8268BDA7-7EAF-440B-95BC-3854D531AE20}.Release|x64.ActiveCfg = Release|Any CPU
		{8268BDA7-7EAF-440B-95BC-3854D531AE20}.Release|x64.Build.0 = Release|Any CPU
		{8268BDA7-7EAF-440B-95BC-3854D531AE20}.Release|x86.ActiveCfg = Release|Any CPU
		{8268BDA7-7EAF-440B-95BC-3854D531AE20}.Release|x86.Build.0 = Release|Any CPU
	EndGlobalSection
	GlobalSection(SolutionProperties) = preSolution
		HideSolutionNode = FALSE
	EndGlobalSection
	GlobalSection(ExtensibilityGlobals) = postSolution
		SolutionGuid = {57E3DD63-01B0-4C40-84E0-C25DA2BC7912}
	EndGlobalSection
EndGlobal
